// !$*UTF8*$!
{
	archiveVersion = 1;
	classes = {
	};
	objectVersion = 50;
	objects = {

/* Begin PBXBuildFile section */
		D31C9AE72579137D0091A931 /* AppDelegate.swift in Sources */ = {isa = PBXBuildFile; fileRef = D31C9AE62579137D0091A931 /* AppDelegate.swift */; };
		D31C9AE92579137D0091A931 /* SceneDelegate.swift in Sources */ = {isa = PBXBuildFile; fileRef = D31C9AE82579137D0091A931 /* SceneDelegate.swift */; };
		D31C9AF0257913800091A931 /* Assets.xcassets in Resources */ = {isa = PBXBuildFile; fileRef = D31C9AEF257913800091A931 /* Assets.xcassets */; };
		D31C9AF3257913800091A931 /* LaunchScreen.storyboard in Resources */ = {isa = PBXBuildFile; fileRef = D31C9AF1257913800091A931 /* LaunchScreen.storyboard */; };
		D31C9B0025791B220091A931 /* SearchVC.swift in Sources */ = {isa = PBXBuildFile; fileRef = D31C9AFF25791B220091A931 /* SearchVC.swift */; };
		D31C9B0325791B580091A931 /* FavoritesListVC.swift in Sources */ = {isa = PBXBuildFile; fileRef = D31C9B0225791B580091A931 /* FavoritesListVC.swift */; };
		D35F4417257FB82B004A0247 /* Date+Ext.swift in Sources */ = {isa = PBXBuildFile; fileRef = D35F4416257FB82B004A0247 /* Date+Ext.swift */; };
		D35F441D257FCD45004A0247 /* PersistenceManager.swift in Sources */ = {isa = PBXBuildFile; fileRef = D35F441C257FCD45004A0247 /* PersistenceManager.swift */; };
		D35F4420257FE3C0004A0247 /* FavoriteCell.swift in Sources */ = {isa = PBXBuildFile; fileRef = D35F441F257FE3C0004A0247 /* FavoriteCell.swift */; };
		D394068C257D0F7800CB8BCE /* GFError.swift in Sources */ = {isa = PBXBuildFile; fileRef = D394068B257D0F7800CB8BCE /* GFError.swift */; };
		D3940690257D11E100CB8BCE /* GFUserInfoHeaderVC.swift in Sources */ = {isa = PBXBuildFile; fileRef = D394068F257D11E100CB8BCE /* GFUserInfoHeaderVC.swift */; };
		D3940693257D125300CB8BCE /* GFSecondaryTitleLabel.swift in Sources */ = {isa = PBXBuildFile; fileRef = D3940692257D125300CB8BCE /* GFSecondaryTitleLabel.swift */; };
		D3940696257D1A4600CB8BCE /* Constants.swift in Sources */ = {isa = PBXBuildFile; fileRef = D3940695257D1A4600CB8BCE /* Constants.swift */; };
		D3940699257D23AD00CB8BCE /* GFItemInfoView.swift in Sources */ = {isa = PBXBuildFile; fileRef = D3940698257D23AD00CB8BCE /* GFItemInfoView.swift */; };
		D394069C257D473000CB8BCE /* GFItemInfoVC.swift in Sources */ = {isa = PBXBuildFile; fileRef = D394069B257D473000CB8BCE /* GFItemInfoVC.swift */; };
		D39406A2257D539200CB8BCE /* GFRepoItemVC.swift in Sources */ = {isa = PBXBuildFile; fileRef = D39406A1257D539200CB8BCE /* GFRepoItemVC.swift */; };
		D39406A5257D55C600CB8BCE /* GFFollowerItemVC.swift in Sources */ = {isa = PBXBuildFile; fileRef = D39406A4257D55C600CB8BCE /* GFFollowerItemVC.swift */; };
		D3CC20732579403D0039A7C1 /* GFButton.swift in Sources */ = {isa = PBXBuildFile; fileRef = D3CC20722579403D0039A7C1 /* GFButton.swift */; };
		D3CC20762579449B0039A7C1 /* GFTextField.swift in Sources */ = {isa = PBXBuildFile; fileRef = D3CC20752579449B0039A7C1 /* GFTextField.swift */; };
		D3CC207925796D7B0039A7C1 /* FollowerListVC.swift in Sources */ = {isa = PBXBuildFile; fileRef = D3CC207825796D7B0039A7C1 /* FollowerListVC.swift */; };
		D3E0AA84258125EB00DCD10B /* GFTabbarController.swift in Sources */ = {isa = PBXBuildFile; fileRef = D3E0AA83258125EB00DCD10B /* GFTabbarController.swift */; };
		D3E0AA8725812E6900DCD10B /* GFAlertContainerView.swift in Sources */ = {isa = PBXBuildFile; fileRef = D3E0AA8625812E6900DCD10B /* GFAlertContainerView.swift */; };
		D3E0AA8C258137FA00DCD10B /* GFDataLoadingVC.swift in Sources */ = {isa = PBXBuildFile; fileRef = D3E0AA8B258137FA00DCD10B /* GFDataLoadingVC.swift */; };
		D3E0AA8F258149CD00DCD10B /* UIView+Ext.swift in Sources */ = {isa = PBXBuildFile; fileRef = D3E0AA8E258149CD00DCD10B /* UIView+Ext.swift */; };
		D3E3128E257BDCDC00C7FFA4 /* UIHelper.swift in Sources */ = {isa = PBXBuildFile; fileRef = D3E3128D257BDCDC00C7FFA4 /* UIHelper.swift */; };
		D3E31299257BF6BE00C7FFA4 /* GFEmptyStateView.swift in Sources */ = {isa = PBXBuildFile; fileRef = D3E31298257BF6BE00C7FFA4 /* GFEmptyStateView.swift */; };
		D3E3129C257C01E600C7FFA4 /* UserInfoVC.swift in Sources */ = {isa = PBXBuildFile; fileRef = D3E3129B257C01E600C7FFA4 /* UserInfoVC.swift */; };
		D3E4AE77257A82F000D5FFE0 /* GFTitleLabel.swift in Sources */ = {isa = PBXBuildFile; fileRef = D3E4AE76257A82F000D5FFE0 /* GFTitleLabel.swift */; };
		D3E4AE7A257A845300D5FFE0 /* GFBodyLabel.swift in Sources */ = {isa = PBXBuildFile; fileRef = D3E4AE79257A845300D5FFE0 /* GFBodyLabel.swift */; };
		D3E4AE7D257A850900D5FFE0 /* GFAlertVC.swift in Sources */ = {isa = PBXBuildFile; fileRef = D3E4AE7C257A850900D5FFE0 /* GFAlertVC.swift */; };
		D3E4AE80257A8A8000D5FFE0 /* UIViewController+Ex.swift in Sources */ = {isa = PBXBuildFile; fileRef = D3E4AE7F257A8A8000D5FFE0 /* UIViewController+Ex.swift */; };
		D3E4AE8B257A9B9400D5FFE0 /* Follower.swift in Sources */ = {isa = PBXBuildFile; fileRef = D3E4AE8A257A9B9400D5FFE0 /* Follower.swift */; };
		D3E4AE8E257A9C5200D5FFE0 /* User.swift in Sources */ = {isa = PBXBuildFile; fileRef = D3E4AE8D257A9C5200D5FFE0 /* User.swift */; };
		D3E4AE93257AA31E00D5FFE0 /* NetworkManager.swift in Sources */ = {isa = PBXBuildFile; fileRef = D3E4AE92257AA31E00D5FFE0 /* NetworkManager.swift */; };
		D3E4AE9B257AB6ED00D5FFE0 /* FollowerCell.swift in Sources */ = {isa = PBXBuildFile; fileRef = D3E4AE9A257AB6ED00D5FFE0 /* FollowerCell.swift */; };
		D3E4AE9E257AB77500D5FFE0 /* GFAvatarImageView.swift in Sources */ = {isa = PBXBuildFile; fileRef = D3E4AE9D257AB77500D5FFE0 /* GFAvatarImageView.swift */; };
/* End PBXBuildFile section */

/* Begin PBXFileReference section */
		D31C9AE32579137D0091A931 /* GHFollowers.app */ = {isa = PBXFileReference; explicitFileType = wrapper.application; includeInIndex = 0; path = GHFollowers.app; sourceTree = BUILT_PRODUCTS_DIR; };
		D31C9AE62579137D0091A931 /* AppDelegate.swift */ = {isa = PBXFileReference; lastKnownFileType = sourcecode.swift; path = AppDelegate.swift; sourceTree = "<group>"; };
		D31C9AE82579137D0091A931 /* SceneDelegate.swift */ = {isa = PBXFileReference; lastKnownFileType = sourcecode.swift; path = SceneDelegate.swift; sourceTree = "<group>"; };
		D31C9AEF257913800091A931 /* Assets.xcassets */ = {isa = PBXFileReference; lastKnownFileType = folder.assetcatalog; path = Assets.xcassets; sourceTree = "<group>"; };
		D31C9AF2257913800091A931 /* Base */ = {isa = PBXFileReference; lastKnownFileType = file.storyboard; name = Base; path = Base.lproj/LaunchScreen.storyboard; sourceTree = "<group>"; };
		D31C9AF4257913800091A931 /* Info.plist */ = {isa = PBXFileReference; lastKnownFileType = text.plist.xml; path = Info.plist; sourceTree = "<group>"; };
		D31C9AFF25791B220091A931 /* SearchVC.swift */ = {isa = PBXFileReference; lastKnownFileType = sourcecode.swift; path = SearchVC.swift; sourceTree = "<group>"; };
		D31C9B0225791B580091A931 /* FavoritesListVC.swift */ = {isa = PBXFileReference; lastKnownFileType = sourcecode.swift; path = FavoritesListVC.swift; sourceTree = "<group>"; };
		D35F4416257FB82B004A0247 /* Date+Ext.swift */ = {isa = PBXFileReference; lastKnownFileType = sourcecode.swift; path = "Date+Ext.swift"; sourceTree = "<group>"; };
		D35F441C257FCD45004A0247 /* PersistenceManager.swift */ = {isa = PBXFileReference; lastKnownFileType = sourcecode.swift; path = PersistenceManager.swift; sourceTree = "<group>"; };
		D35F441F257FE3C0004A0247 /* FavoriteCell.swift */ = {isa = PBXFileReference; lastKnownFileType = sourcecode.swift; path = FavoriteCell.swift; sourceTree = "<group>"; };
		D394068B257D0F7800CB8BCE /* GFError.swift */ = {isa = PBXFileReference; lastKnownFileType = sourcecode.swift; path = GFError.swift; sourceTree = "<group>"; };
		D394068F257D11E100CB8BCE /* GFUserInfoHeaderVC.swift */ = {isa = PBXFileReference; lastKnownFileType = sourcecode.swift; path = GFUserInfoHeaderVC.swift; sourceTree = "<group>"; };
		D3940692257D125300CB8BCE /* GFSecondaryTitleLabel.swift */ = {isa = PBXFileReference; lastKnownFileType = sourcecode.swift; path = GFSecondaryTitleLabel.swift; sourceTree = "<group>"; };
		D3940695257D1A4600CB8BCE /* Constants.swift */ = {isa = PBXFileReference; lastKnownFileType = sourcecode.swift; path = Constants.swift; sourceTree = "<group>"; };
		D3940698257D23AD00CB8BCE /* GFItemInfoView.swift */ = {isa = PBXFileReference; lastKnownFileType = sourcecode.swift; path = GFItemInfoView.swift; sourceTree = "<group>"; };
		D394069B257D473000CB8BCE /* GFItemInfoVC.swift */ = {isa = PBXFileReference; lastKnownFileType = sourcecode.swift; path = GFItemInfoVC.swift; sourceTree = "<group>"; };
		D39406A1257D539200CB8BCE /* GFRepoItemVC.swift */ = {isa = PBXFileReference; lastKnownFileType = sourcecode.swift; path = GFRepoItemVC.swift; sourceTree = "<group>"; };
		D39406A4257D55C600CB8BCE /* GFFollowerItemVC.swift */ = {isa = PBXFileReference; lastKnownFileType = sourcecode.swift; path = GFFollowerItemVC.swift; sourceTree = "<group>"; };
		D3CC20722579403D0039A7C1 /* GFButton.swift */ = {isa = PBXFileReference; lastKnownFileType = sourcecode.swift; path = GFButton.swift; sourceTree = "<group>"; };
		D3CC20752579449B0039A7C1 /* GFTextField.swift */ = {isa = PBXFileReference; lastKnownFileType = sourcecode.swift; path = GFTextField.swift; sourceTree = "<group>"; };
		D3CC207825796D7B0039A7C1 /* FollowerListVC.swift */ = {isa = PBXFileReference; lastKnownFileType = sourcecode.swift; path = FollowerListVC.swift; sourceTree = "<group>"; };
		D3E0AA83258125EB00DCD10B /* GFTabbarController.swift */ = {isa = PBXFileReference; lastKnownFileType = sourcecode.swift; path = GFTabbarController.swift; sourceTree = "<group>"; };
		D3E0AA8625812E6900DCD10B /* GFAlertContainerView.swift */ = {isa = PBXFileReference; lastKnownFileType = sourcecode.swift; path = GFAlertContainerView.swift; sourceTree = "<group>"; };
		D3E0AA8B258137FA00DCD10B /* GFDataLoadingVC.swift */ = {isa = PBXFileReference; lastKnownFileType = sourcecode.swift; path = GFDataLoadingVC.swift; sourceTree = "<group>"; };
		D3E0AA8E258149CD00DCD10B /* UIView+Ext.swift */ = {isa = PBXFileReference; lastKnownFileType = sourcecode.swift; name = "UIView+Ext.swift"; path = "../../../../../UIView+Ext.swift"; sourceTree = "<group>"; };
		D3E3128D257BDCDC00C7FFA4 /* UIHelper.swift */ = {isa = PBXFileReference; lastKnownFileType = sourcecode.swift; path = UIHelper.swift; sourceTree = "<group>"; };
		D3E31298257BF6BE00C7FFA4 /* GFEmptyStateView.swift */ = {isa = PBXFileReference; lastKnownFileType = sourcecode.swift; path = GFEmptyStateView.swift; sourceTree = "<group>"; };
		D3E3129B257C01E600C7FFA4 /* UserInfoVC.swift */ = {isa = PBXFileReference; lastKnownFileType = sourcecode.swift; path = UserInfoVC.swift; sourceTree = "<group>"; };
		D3E4AE76257A82F000D5FFE0 /* GFTitleLabel.swift */ = {isa = PBXFileReference; lastKnownFileType = sourcecode.swift; path = GFTitleLabel.swift; sourceTree = "<group>"; };
		D3E4AE79257A845300D5FFE0 /* GFBodyLabel.swift */ = {isa = PBXFileReference; lastKnownFileType = sourcecode.swift; path = GFBodyLabel.swift; sourceTree = "<group>"; };
		D3E4AE7C257A850900D5FFE0 /* GFAlertVC.swift */ = {isa = PBXFileReference; lastKnownFileType = sourcecode.swift; path = GFAlertVC.swift; sourceTree = "<group>"; };
		D3E4AE7F257A8A8000D5FFE0 /* UIViewController+Ex.swift */ = {isa = PBXFileReference; lastKnownFileType = sourcecode.swift; path = "UIViewController+Ex.swift"; sourceTree = "<group>"; };
		D3E4AE8A257A9B9400D5FFE0 /* Follower.swift */ = {isa = PBXFileReference; lastKnownFileType = sourcecode.swift; path = Follower.swift; sourceTree = "<group>"; };
		D3E4AE8D257A9C5200D5FFE0 /* User.swift */ = {isa = PBXFileReference; lastKnownFileType = sourcecode.swift; path = User.swift; sourceTree = "<group>"; };
		D3E4AE92257AA31E00D5FFE0 /* NetworkManager.swift */ = {isa = PBXFileReference; lastKnownFileType = sourcecode.swift; path = NetworkManager.swift; sourceTree = "<group>"; };
		D3E4AE9A257AB6ED00D5FFE0 /* FollowerCell.swift */ = {isa = PBXFileReference; lastKnownFileType = sourcecode.swift; path = FollowerCell.swift; sourceTree = "<group>"; };
		D3E4AE9D257AB77500D5FFE0 /* GFAvatarImageView.swift */ = {isa = PBXFileReference; lastKnownFileType = sourcecode.swift; path = GFAvatarImageView.swift; sourceTree = "<group>"; };
/* End PBXFileReference section */

/* Begin PBXFrameworksBuildPhase section */
		D31C9AE02579137D0091A931 /* Frameworks */ = {
			isa = PBXFrameworksBuildPhase;
			buildActionMask = 2147483647;
			files = (
			);
			runOnlyForDeploymentPostprocessing = 0;
		};
/* End PBXFrameworksBuildPhase section */

/* Begin PBXGroup section */
		D31C9ADA2579137D0091A931 = {
			isa = PBXGroup;
			children = (
				D31C9AE52579137D0091A931 /* GHFollowers */,
				D31C9AE42579137D0091A931 /* Products */,
			);
			sourceTree = "<group>";
		};
		D31C9AE42579137D0091A931 /* Products */ = {
			isa = PBXGroup;
			children = (
				D31C9AE32579137D0091A931 /* GHFollowers.app */,
			);
			name = Products;
			sourceTree = "<group>";
		};
		D31C9AE52579137D0091A931 /* GHFollowers */ = {
			isa = PBXGroup;
			children = (
				D3E4AE95257AAB3600D5FFE0 /* Utilities */,
				D3E4AE91257AA30600D5FFE0 /* Managers */,
				D3E4AE89257A9B8800D5FFE0 /* Model */,
				D3E4AE86257A914300D5FFE0 /* Support */,
				D3E4AE84257A90EA00D5FFE0 /* Extensions */,
				D3E4AE83257A90B700D5FFE0 /* Custom Views */,
				D3E4AE82257A908500D5FFE0 /* Screens */,
				D31C9AF4257913800091A931 /* Info.plist */,
			);
			path = GHFollowers;
			sourceTree = "<group>";
		};
		D39406A7257D582D00CB8BCE /* ItemInfoVCs */ = {
			isa = PBXGroup;
			children = (
				D394069B257D473000CB8BCE /* GFItemInfoVC.swift */,
				D39406A1257D539200CB8BCE /* GFRepoItemVC.swift */,
				D39406A4257D55C600CB8BCE /* GFFollowerItemVC.swift */,
			);
			path = ItemInfoVCs;
			sourceTree = "<group>";
		};
		D3E0AA82258125CE00DCD10B /* TabbarControllers */ = {
			isa = PBXGroup;
			children = (
				D3E0AA83258125EB00DCD10B /* GFTabbarController.swift */,
			);
			path = TabbarControllers;
			sourceTree = "<group>";
		};
		D3E31290257BF66700C7FFA4 /* Views */ = {
			isa = PBXGroup;
			children = (
				D3940698257D23AD00CB8BCE /* GFItemInfoView.swift */,
				D3E31298257BF6BE00C7FFA4 /* GFEmptyStateView.swift */,
				D3E0AA8625812E6900DCD10B /* GFAlertContainerView.swift */,
			);
			path = Views;
			sourceTree = "<group>";
		};
		D3E31291257BF66F00C7FFA4 /* Buttons */ = {
			isa = PBXGroup;
			children = (
				D3CC20722579403D0039A7C1 /* GFButton.swift */,
			);
			path = Buttons;
			sourceTree = "<group>";
		};
		D3E31292257BF67400C7FFA4 /* TextFields */ = {
			isa = PBXGroup;
			children = (
				D3CC20752579449B0039A7C1 /* GFTextField.swift */,
			);
			path = TextFields;
			sourceTree = "<group>";
		};
		D3E31293257BF67A00C7FFA4 /* ImageViews */ = {
			isa = PBXGroup;
			children = (
				D3E4AE9D257AB77500D5FFE0 /* GFAvatarImageView.swift */,
			);
			path = ImageViews;
			sourceTree = "<group>";
		};
		D3E31294257BF68100C7FFA4 /* ViewControllers */ = {
			isa = PBXGroup;
			children = (
				D39406A7257D582D00CB8BCE /* ItemInfoVCs */,
				D3E4AE7C257A850900D5FFE0 /* GFAlertVC.swift */,
				D394068F257D11E100CB8BCE /* GFUserInfoHeaderVC.swift */,
				D3E0AA8B258137FA00DCD10B /* GFDataLoadingVC.swift */,
			);
			path = ViewControllers;
			sourceTree = "<group>";
		};
		D3E31295257BF69500C7FFA4 /* Labels */ = {
			isa = PBXGroup;
			children = (
				D3E4AE76257A82F000D5FFE0 /* GFTitleLabel.swift */,
				D3E4AE79257A845300D5FFE0 /* GFBodyLabel.swift */,
				D3940692257D125300CB8BCE /* GFSecondaryTitleLabel.swift */,
			);
			path = Labels;
			sourceTree = "<group>";
		};
		D3E4AE82257A908500D5FFE0 /* Screens */ = {
			isa = PBXGroup;
			children = (
				D31C9AFF25791B220091A931 /* SearchVC.swift */,
				D31C9B0225791B580091A931 /* FavoritesListVC.swift */,
				D3CC207825796D7B0039A7C1 /* FollowerListVC.swift */,
				D3E3129B257C01E600C7FFA4 /* UserInfoVC.swift */,
			);
			path = Screens;
			sourceTree = "<group>";
		};
		D3E4AE83257A90B700D5FFE0 /* Custom Views */ = {
			isa = PBXGroup;
			children = (
				D3E0AA82258125CE00DCD10B /* TabbarControllers */,
				D3E31295257BF69500C7FFA4 /* Labels */,
				D3E31294257BF68100C7FFA4 /* ViewControllers */,
				D3E31293257BF67A00C7FFA4 /* ImageViews */,
				D3E31292257BF67400C7FFA4 /* TextFields */,
				D3E31291257BF66F00C7FFA4 /* Buttons */,
				D3E31290257BF66700C7FFA4 /* Views */,
				D3E4AE99257AB6CC00D5FFE0 /* Cells */,
			);
			path = "Custom Views";
			sourceTree = "<group>";
		};
		D3E4AE84257A90EA00D5FFE0 /* Extensions */ = {
			isa = PBXGroup;
			children = (
				D3E4AE7F257A8A8000D5FFE0 /* UIViewController+Ex.swift */,
				D35F4416257FB82B004A0247 /* Date+Ext.swift */,
				D3E0AA8E258149CD00DCD10B /* UIView+Ext.swift */,
			);
			path = Extensions;
			sourceTree = "<group>";
		};
		D3E4AE86257A914300D5FFE0 /* Support */ = {
			isa = PBXGroup;
			children = (
				D31C9AE62579137D0091A931 /* AppDelegate.swift */,
				D31C9AE82579137D0091A931 /* SceneDelegate.swift */,
				D31C9AEF257913800091A931 /* Assets.xcassets */,
				D31C9AF1257913800091A931 /* LaunchScreen.storyboard */,
			);
			path = Support;
			sourceTree = "<group>";
		};
		D3E4AE89257A9B8800D5FFE0 /* Model */ = {
			isa = PBXGroup;
			children = (
				D3E4AE8A257A9B9400D5FFE0 /* Follower.swift */,
				D3E4AE8D257A9C5200D5FFE0 /* User.swift */,
			);
			path = Model;
			sourceTree = "<group>";
		};
		D3E4AE91257AA30600D5FFE0 /* Managers */ = {
			isa = PBXGroup;
			children = (
				D3E4AE92257AA31E00D5FFE0 /* NetworkManager.swift */,
				D35F441C257FCD45004A0247 /* PersistenceManager.swift */,
			);
			path = Managers;
			sourceTree = "<group>";
		};
		D3E4AE95257AAB3600D5FFE0 /* Utilities */ = {
			isa = PBXGroup;
			children = (
				D3E3128D257BDCDC00C7FFA4 /* UIHelper.swift */,
				D394068B257D0F7800CB8BCE /* GFError.swift */,
				D3940695257D1A4600CB8BCE /* Constants.swift */,
			);
			path = Utilities;
			sourceTree = "<group>";
		};
		D3E4AE99257AB6CC00D5FFE0 /* Cells */ = {
			isa = PBXGroup;
			children = (
				D3E4AE9A257AB6ED00D5FFE0 /* FollowerCell.swift */,
				D35F441F257FE3C0004A0247 /* FavoriteCell.swift */,
			);
			path = Cells;
			sourceTree = "<group>";
		};
/* End PBXGroup section */

/* Begin PBXNativeTarget section */
		D31C9AE22579137D0091A931 /* GHFollowers */ = {
			isa = PBXNativeTarget;
			buildConfigurationList = D31C9AF7257913800091A931 /* Build configuration list for PBXNativeTarget "GHFollowers" */;
			buildPhases = (
				D31C9ADF2579137D0091A931 /* Sources */,
				D31C9AE02579137D0091A931 /* Frameworks */,
				D31C9AE12579137D0091A931 /* Resources */,
			);
			buildRules = (
			);
			dependencies = (
			);
			name = GHFollowers;
			productName = GHFollowers;
			productReference = D31C9AE32579137D0091A931 /* GHFollowers.app */;
			productType = "com.apple.product-type.application";
		};
/* End PBXNativeTarget section */

/* Begin PBXProject section */
		D31C9ADB2579137D0091A931 /* Project object */ = {
			isa = PBXProject;
			attributes = {
				LastSwiftUpdateCheck = 1220;
				LastUpgradeCheck = 1220;
				TargetAttributes = {
					D31C9AE22579137D0091A931 = {
						CreatedOnToolsVersion = 12.2;
					};
				};
			};
			buildConfigurationList = D31C9ADE2579137D0091A931 /* Build configuration list for PBXProject "GHFollowers" */;
			compatibilityVersion = "Xcode 9.3";
			developmentRegion = en;
			hasScannedForEncodings = 0;
			knownRegions = (
				en,
				Base,
			);
			mainGroup = D31C9ADA2579137D0091A931;
			productRefGroup = D31C9AE42579137D0091A931 /* Products */;
			projectDirPath = "";
			projectRoot = "";
			targets = (
				D31C9AE22579137D0091A931 /* GHFollowers */,
			);
		};
/* End PBXProject section */

/* Begin PBXResourcesBuildPhase section */
		D31C9AE12579137D0091A931 /* Resources */ = {
			isa = PBXResourcesBuildPhase;
			buildActionMask = 2147483647;
			files = (
				D31C9AF3257913800091A931 /* LaunchScreen.storyboard in Resources */,
				D31C9AF0257913800091A931 /* Assets.xcassets in Resources */,
			);
			runOnlyForDeploymentPostprocessing = 0;
		};
/* End PBXResourcesBuildPhase section */

/* Begin PBXSourcesBuildPhase section */
		D31C9ADF2579137D0091A931 /* Sources */ = {
			isa = PBXSourcesBuildPhase;
			buildActionMask = 2147483647;
			files = (
				D3E0AA8F258149CD00DCD10B /* UIView+Ext.swift in Sources */,
				D3CC20762579449B0039A7C1 /* GFTextField.swift in Sources */,
				D31C9B0325791B580091A931 /* FavoritesListVC.swift in Sources */,
				D3E4AE80257A8A8000D5FFE0 /* UIViewController+Ex.swift in Sources */,
				D3CC20732579403D0039A7C1 /* GFButton.swift in Sources */,
				D31C9B0025791B220091A931 /* SearchVC.swift in Sources */,
				D3E3128E257BDCDC00C7FFA4 /* UIHelper.swift in Sources */,
				D394069C257D473000CB8BCE /* GFItemInfoVC.swift in Sources */,
				D3940696257D1A4600CB8BCE /* Constants.swift in Sources */,
				D3E4AE9E257AB77500D5FFE0 /* GFAvatarImageView.swift in Sources */,
				D3E4AE7D257A850900D5FFE0 /* GFAlertVC.swift in Sources */,
				D3E4AE7A257A845300D5FFE0 /* GFBodyLabel.swift in Sources */,
				D39406A5257D55C600CB8BCE /* GFFollowerItemVC.swift in Sources */,
				D3940699257D23AD00CB8BCE /* GFItemInfoView.swift in Sources */,
				D35F4420257FE3C0004A0247 /* FavoriteCell.swift in Sources */,
				D3E4AE9B257AB6ED00D5FFE0 /* FollowerCell.swift in Sources */,
				D3E0AA84258125EB00DCD10B /* GFTabbarController.swift in Sources */,
				D3E4AE8B257A9B9400D5FFE0 /* Follower.swift in Sources */,
				D3940690257D11E100CB8BCE /* GFUserInfoHeaderVC.swift in Sources */,
				D394068C257D0F7800CB8BCE /* GFError.swift in Sources */,
				D3E0AA8C258137FA00DCD10B /* GFDataLoadingVC.swift in Sources */,
				D3E4AE77257A82F000D5FFE0 /* GFTitleLabel.swift in Sources */,
				D3E0AA8725812E6900DCD10B /* GFAlertContainerView.swift in Sources */,
				D3E4AE8E257A9C5200D5FFE0 /* User.swift in Sources */,
				D35F4417257FB82B004A0247 /* Date+Ext.swift in Sources */,
				D35F441D257FCD45004A0247 /* PersistenceManager.swift in Sources */,
				D3940693257D125300CB8BCE /* GFSecondaryTitleLabel.swift in Sources */,
				D3E31299257BF6BE00C7FFA4 /* GFEmptyStateView.swift in Sources */,
				D3E4AE93257AA31E00D5FFE0 /* NetworkManager.swift in Sources */,
				D3CC207925796D7B0039A7C1 /* FollowerListVC.swift in Sources */,
				D31C9AE72579137D0091A931 /* AppDelegate.swift in Sources */,
				D31C9AE92579137D0091A931 /* SceneDelegate.swift in Sources */,
				D39406A2257D539200CB8BCE /* GFRepoItemVC.swift in Sources */,
				D3E3129C257C01E600C7FFA4 /* UserInfoVC.swift in Sources */,
			);
			runOnlyForDeploymentPostprocessing = 0;
		};
/* End PBXSourcesBuildPhase section */

/* Begin PBXVariantGroup section */
		D31C9AF1257913800091A931 /* LaunchScreen.storyboard */ = {
			isa = PBXVariantGroup;
			children = (
				D31C9AF2257913800091A931 /* Base */,
			);
			name = LaunchScreen.storyboard;
			sourceTree = "<group>";
		};
/* End PBXVariantGroup section */

/* Begin XCBuildConfiguration section */
		D31C9AF5257913800091A931 /* Debug */ = {
			isa = XCBuildConfiguration;
			buildSettings = {
				ALWAYS_SEARCH_USER_PATHS = NO;
				CLANG_ANALYZER_NONNULL = YES;
				CLANG_ANALYZER_NUMBER_OBJECT_CONVERSION = YES_AGGRESSIVE;
				CLANG_CXX_LANGUAGE_STANDARD = "gnu++14";
				CLANG_CXX_LIBRARY = "libc++";
				CLANG_ENABLE_MODULES = YES;
				CLANG_ENABLE_OBJC_ARC = YES;
				CLANG_ENABLE_OBJC_WEAK = YES;
				CLANG_WARN_BLOCK_CAPTURE_AUTORELEASING = YES;
				CLANG_WARN_BOOL_CONVERSION = YES;
				CLANG_WARN_COMMA = YES;
				CLANG_WARN_CONSTANT_CONVERSION = YES;
				CLANG_WARN_DEPRECATED_OBJC_IMPLEMENTATIONS = YES;
				CLANG_WARN_DIRECT_OBJC_ISA_USAGE = YES_ERROR;
				CLANG_WARN_DOCUMENTATION_COMMENTS = YES;
				CLANG_WARN_EMPTY_BODY = YES;
				CLANG_WARN_ENUM_CONVERSION = YES;
				CLANG_WARN_INFINITE_RECURSION = YES;
				CLANG_WARN_INT_CONVERSION = YES;
				CLANG_WARN_NON_LITERAL_NULL_CONVERSION = YES;
				CLANG_WARN_OBJC_IMPLICIT_RETAIN_SELF = YES;
				CLANG_WARN_OBJC_LITERAL_CONVERSION = YES;
				CLANG_WARN_OBJC_ROOT_CLASS = YES_ERROR;
				CLANG_WARN_QUOTED_INCLUDE_IN_FRAMEWORK_HEADER = YES;
				CLANG_WARN_RANGE_LOOP_ANALYSIS = YES;
				CLANG_WARN_STRICT_PROTOTYPES = YES;
				CLANG_WARN_SUSPICIOUS_MOVE = YES;
				CLANG_WARN_UNGUARDED_AVAILABILITY = YES_AGGRESSIVE;
				CLANG_WARN_UNREACHABLE_CODE = YES;
				CLANG_WARN__DUPLICATE_METHOD_MATCH = YES;
				COPY_PHASE_STRIP = NO;
				DEBUG_INFORMATION_FORMAT = dwarf;
				ENABLE_STRICT_OBJC_MSGSEND = YES;
				ENABLE_TESTABILITY = YES;
				GCC_C_LANGUAGE_STANDARD = gnu11;
				GCC_DYNAMIC_NO_PIC = NO;
				GCC_NO_COMMON_BLOCKS = YES;
				GCC_OPTIMIZATION_LEVEL = 0;
				GCC_PREPROCESSOR_DEFINITIONS = (
					"DEBUG=1",
					"$(inherited)",
				);
				GCC_WARN_64_TO_32_BIT_CONVERSION = YES;
				GCC_WARN_ABOUT_RETURN_TYPE = YES_ERROR;
				GCC_WARN_UNDECLARED_SELECTOR = YES;
				GCC_WARN_UNINITIALIZED_AUTOS = YES_AGGRESSIVE;
				GCC_WARN_UNUSED_FUNCTION = YES;
				GCC_WARN_UNUSED_VARIABLE = YES;
				IPHONEOS_DEPLOYMENT_TARGET = 14.2;
				MTL_ENABLE_DEBUG_INFO = INCLUDE_SOURCE;
				MTL_FAST_MATH = YES;
				ONLY_ACTIVE_ARCH = YES;
				SDKROOT = iphoneos;
				SWIFT_ACTIVE_COMPILATION_CONDITIONS = DEBUG;
				SWIFT_OPTIMIZATION_LEVEL = "-Onone";
			};
			name = Debug;
		};
		D31C9AF6257913800091A931 /* Release */ = {
			isa = XCBuildConfiguration;
			buildSettings = {
				ALWAYS_SEARCH_USER_PATHS = NO;
				CLANG_ANALYZER_NONNULL = YES;
				CLANG_ANALYZER_NUMBER_OBJECT_CONVERSION = YES_AGGRESSIVE;
				CLANG_CXX_LANGUAGE_STANDARD = "gnu++14";
				CLANG_CXX_LIBRARY = "libc++";
				CLANG_ENABLE_MODULES = YES;
				CLANG_ENABLE_OBJC_ARC = YES;
				CLANG_ENABLE_OBJC_WEAK = YES;
				CLANG_WARN_BLOCK_CAPTURE_AUTORELEASING = YES;
				CLANG_WARN_BOOL_CONVERSION = YES;
				CLANG_WARN_COMMA = YES;
				CLANG_WARN_CONSTANT_CONVERSION = YES;
				CLANG_WARN_DEPRECATED_OBJC_IMPLEMENTATIONS = YES;
				CLANG_WARN_DIRECT_OBJC_ISA_USAGE = YES_ERROR;
				CLANG_WARN_DOCUMENTATION_COMMENTS = YES;
				CLANG_WARN_EMPTY_BODY = YES;
				CLANG_WARN_ENUM_CONVERSION = YES;
				CLANG_WARN_INFINITE_RECURSION = YES;
				CLANG_WARN_INT_CONVERSION = YES;
				CLANG_WARN_NON_LITERAL_NULL_CONVERSION = YES;
				CLANG_WARN_OBJC_IMPLICIT_RETAIN_SELF = YES;
				CLANG_WARN_OBJC_LITERAL_CONVERSION = YES;
				CLANG_WARN_OBJC_ROOT_CLASS = YES_ERROR;
				CLANG_WARN_QUOTED_INCLUDE_IN_FRAMEWORK_HEADER = YES;
				CLANG_WARN_RANGE_LOOP_ANALYSIS = YES;
				CLANG_WARN_STRICT_PROTOTYPES = YES;
				CLANG_WARN_SUSPICIOUS_MOVE = YES;
				CLANG_WARN_UNGUARDED_AVAILABILITY = YES_AGGRESSIVE;
				CLANG_WARN_UNREACHABLE_CODE = YES;
				CLANG_WARN__DUPLICATE_METHOD_MATCH = YES;
				COPY_PHASE_STRIP = NO;
				DEBUG_INFORMATION_FORMAT = "dwarf-with-dsym";
				ENABLE_NS_ASSERTIONS = NO;
				ENABLE_STRICT_OBJC_MSGSEND = YES;
				GCC_C_LANGUAGE_STANDARD = gnu11;
				GCC_NO_COMMON_BLOCKS = YES;
				GCC_WARN_64_TO_32_BIT_CONVERSION = YES;
				GCC_WARN_ABOUT_RETURN_TYPE = YES_ERROR;
				GCC_WARN_UNDECLARED_SELECTOR = YES;
				GCC_WARN_UNINITIALIZED_AUTOS = YES_AGGRESSIVE;
				GCC_WARN_UNUSED_FUNCTION = YES;
				GCC_WARN_UNUSED_VARIABLE = YES;
				IPHONEOS_DEPLOYMENT_TARGET = 14.2;
				MTL_ENABLE_DEBUG_INFO = NO;
				MTL_FAST_MATH = YES;
				SDKROOT = iphoneos;
				SWIFT_COMPILATION_MODE = wholemodule;
				SWIFT_OPTIMIZATION_LEVEL = "-O";
				VALIDATE_PRODUCT = YES;
			};
			name = Release;
		};
		D31C9AF8257913800091A931 /* Debug */ = {
			isa = XCBuildConfiguration;
			buildSettings = {
				ASSETCATALOG_COMPILER_APPICON_NAME = AppIcon;
				ASSETCATALOG_COMPILER_GLOBAL_ACCENT_COLOR_NAME = AccentColor;
				CODE_SIGN_STYLE = Automatic;
				DEVELOPMENT_TEAM = T7A2MH6YNP;
				INFOPLIST_FILE = GHFollowers/Info.plist;
				LD_RUNPATH_SEARCH_PATHS = (
					"$(inherited)",
					"@executable_path/Frameworks",
				);
				PRODUCT_BUNDLE_IDENTIFIER = com.sinarabiei.GHFollowers;
				PRODUCT_NAME = "$(TARGET_NAME)";
				SWIFT_VERSION = 5.0;
				TARGETED_DEVICE_FAMILY = 1;
			};
			name = Debug;
		};
		D31C9AF9257913800091A931 /* Release */ = {
			isa = XCBuildConfiguration;
			buildSettings = {
				ASSETCATALOG_COMPILER_APPICON_NAME = AppIcon;
				ASSETCATALOG_COMPILER_GLOBAL_ACCENT_COLOR_NAME = AccentColor;
				CODE_SIGN_STYLE = Automatic;
				DEVELOPMENT_TEAM = T7A2MH6YNP;
				INFOPLIST_FILE = GHFollowers/Info.plist;
				LD_RUNPATH_SEARCH_PATHS = (
					"$(inherited)",
					"@executable_path/Frameworks",
				);
				PRODUCT_BUNDLE_IDENTIFIER = com.sinarabiei.GHFollowers;
				PRODUCT_NAME = "$(TARGET_NAME)";
				SWIFT_VERSION = 5.0;
				TARGETED_DEVICE_FAMILY = 1;
			};
			name = Release;
		};
/* End XCBuildConfiguration section */

/* Begin XCConfigurationList section */
		D31C9ADE2579137D0091A931 /* Build configuration list for PBXProject "GHFollowers" */ = {
			isa = XCConfigurationList;
			buildConfigurations = (
				D31C9AF5257913800091A931 /* Debug */,
				D31C9AF6257913800091A931 /* Release */,
			);
			defaultConfigurationIsVisible = 0;
			defaultConfigurationName = Release;
		};
		D31C9AF7257913800091A931 /* Build configuration list for PBXNativeTarget "GHFollowers" */ = {
			isa = XCConfigurationList;
			buildConfigurations = (
				D31C9AF8257913800091A931 /* Debug */,
				D31C9AF9257913800091A931 /* Release */,
			);
			defaultConfigurationIsVisible = 0;
			defaultConfigurationName = Release;
		};
/* End XCConfigurationList section */
	};
	rootObject = D31C9ADB2579137D0091A931 /* Project object */;
}
